
Microsoft Visual Studio Solution File, Format Version 12.00
# Visual Studio Version 17
VisualStudioVersion = 17.6.33801.468
MinimumVisualStudioVersion = 10.0.40219.1
Project("{FAE04EC0-301F-11D3-BF4B-00C04F79EFBC}") = "kalkylet", "kalkylet.csproj", "{08300881-8E5D-44CB-9FB8-4E352DAC9DA2}"
EndProject
Global
	GlobalSection(SolutionConfigurationPlatforms) = preSolution
		Debug|Any CPU = Debug|Any CPU
		Release|Any CPU = Release|Any CPU
	EndGlobalSection
	GlobalSection(ProjectConfigurationPlatforms) = postSolution
		{08300881-8E5D-44CB-9FB8-4E352DAC9DA2}.Debug|Any CPU.ActiveCfg = Debug|Any CPU
		{08300881-8E5D-44CB-9FB8-4E352DAC9DA2}.Debug|Any CPU.Build.0 = Debug|Any CPU
		{08300881-8E5D-44CB-9FB8-4E352DAC9DA2}.Release|Any CPU.ActiveCfg = Release|Any CPU
		{08300881-8E5D-44CB-9FB8-4E352DAC9DA2}.Release|Any CPU.Build.0 = Release|Any CPU
	EndGlobalSection
	GlobalSection(SolutionProperties) = preSolution
		HideSolutionNode = FALSE
	EndGlobalSection
	GlobalSection(ExtensibilityGlobals) = postSolution
		SolutionGuid = {8E0D2EA3-18EB-4335-9B09-3D958BB9DBF6}
	EndGlobalSection
EndGlobal
